
Microsoft Visual Studio Solution File, Format Version 12.00
# Visual Studio Version 16
VisualStudioVersion = 16.0.29123.88
MinimumVisualStudioVersion = 10.0.40219.1
Project("{FAE04EC0-301F-11D3-BF4B-00C04F79EFBC}") = "cw2", "cw2.csproj", "{3DA2DFDF-2978-4C29-B019-FFC4215D9485}"
EndProject
Global
	GlobalSection(SolutionConfigurationPlatforms) = preSolution
		Debug|Any CPU = Debug|Any CPU
		Release|Any CPU = Release|Any CPU
	EndGlobalSection
	GlobalSection(ProjectConfigurationPlatforms) = postSolution
		{3DA2DFDF-2978-4C29-B019-FFC4215D9485}.Debug|Any CPU.ActiveCfg = Debug|Any CPU
		{3DA2DFDF-2978-4C29-B019-FFC4215D9485}.Debug|Any CPU.Build.0 = Debug|Any CPU
		{3DA2DFDF-2978-4C29-B019-FFC4215D9485}.Release|Any CPU.ActiveCfg = Release|Any CPU
		{3DA2DFDF-2978-4C29-B019-FFC4215D9485}.Release|Any CPU.Build.0 = Release|Any CPU
	EndGlobalSection
	GlobalSection(SolutionProperties) = preSolution
		HideSolutionNode = FALSE
	EndGlobalSection
	GlobalSection(ExtensibilityGlobals) = postSolution
		SolutionGuid = {E30879D6-417F-4323-8C06-6E0BF9684A6F}
	EndGlobalSection
EndGlobal
